
Microsoft Visual Studio Solution File, Format Version 12.00
Project("{2150E333-8FDC-42A3-9474-1A3956D46DE8}") = "src", "src", "{CA435213-3DA2-45E6-99FC-88FA414CDDDA}"
EndProject
Project("{FAE04EC0-301F-11D3-BF4B-00C04F79EFBC}") = "Api", "src\Api\Api.csproj", "{844430E8-98A4-4823-A425-00FB460EE089}"
EndProject
Project("{FAE04EC0-301F-11D3-BF4B-00C04F79EFBC}") = "Domain", "src\Domain\Domain.csproj", "{9FB0150C-356C-4D95-9130-460B56140B74}"
EndProject
Project("{FAE04EC0-301F-11D3-BF4B-00C04F79EFBC}") = "Infrastructure", "src\Infrastructure\Infrastructure.csproj", "{6333960F-F2E2-4B5D-A829-882EB3DE432F}"
EndProject
Project("{FAE04EC0-301F-11D3-BF4B-00C04F79EFBC}") = "Application", "src\Application\Application.csproj", "{B271ACA3-9D66-4568-96C9-F5FE4C2FAB7C}"
EndProject
Project("{FAE04EC0-301F-11D3-BF4B-00C04F79EFBC}") = "SignalR", "src\SignalR\SignalR.csproj", "{12F3451A-55CA-41F0-982A-19E0F2D32426}"
EndProject
Global
	GlobalSection(SolutionConfigurationPlatforms) = preSolution
		Debug|Any CPU = Debug|Any CPU
		Release|Any CPU = Release|Any CPU
	EndGlobalSection
	GlobalSection(NestedProjects) = preSolution
		{844430E8-98A4-4823-A425-00FB460EE089} = {CA435213-3DA2-45E6-99FC-88FA414CDDDA}
		{9FB0150C-356C-4D95-9130-460B56140B74} = {CA435213-3DA2-45E6-99FC-88FA414CDDDA}
		{6333960F-F2E2-4B5D-A829-882EB3DE432F} = {CA435213-3DA2-45E6-99FC-88FA414CDDDA}
		{B271ACA3-9D66-4568-96C9-F5FE4C2FAB7C} = {CA435213-3DA2-45E6-99FC-88FA414CDDDA}
		{12F3451A-55CA-41F0-982A-19E0F2D32426} = {CA435213-3DA2-45E6-99FC-88FA414CDDDA}
	EndGlobalSection
	GlobalSection(ProjectConfigurationPlatforms) = postSolution
		{844430E8-98A4-4823-A425-00FB460EE089}.Debug|Any CPU.ActiveCfg = Debug|Any CPU
		{844430E8-98A4-4823-A425-00FB460EE089}.Debug|Any CPU.Build.0 = Debug|Any CPU
		{844430E8-98A4-4823-A425-00FB460EE089}.Release|Any CPU.ActiveCfg = Release|Any CPU
		{844430E8-98A4-4823-A425-00FB460EE089}.Release|Any CPU.Build.0 = Release|Any CPU
		{9FB0150C-356C-4D95-9130-460B56140B74}.Debug|Any CPU.ActiveCfg = Debug|Any CPU
		{9FB0150C-356C-4D95-9130-460B56140B74}.Debug|Any CPU.Build.0 = Debug|Any CPU
		{9FB0150C-356C-4D95-9130-460B56140B74}.Release|Any CPU.ActiveCfg = Release|Any CPU
		{9FB0150C-356C-4D95-9130-460B56140B74}.Release|Any CPU.Build.0 = Release|Any CPU
		{6333960F-F2E2-4B5D-A829-882EB3DE432F}.Debug|Any CPU.ActiveCfg = Debug|Any CPU
		{6333960F-F2E2-4B5D-A829-882EB3DE432F}.Debug|Any CPU.Build.0 = Debug|Any CPU
		{6333960F-F2E2-4B5D-A829-882EB3DE432F}.Release|Any CPU.ActiveCfg = Release|Any CPU
		{6333960F-F2E2-4B5D-A829-882EB3DE432F}.Release|Any CPU.Build.0 = Release|Any CPU
		{B271ACA3-9D66-4568-96C9-F5FE4C2FAB7C}.Debug|Any CPU.ActiveCfg = Debug|Any CPU
		{B271ACA3-9D66-4568-96C9-F5FE4C2FAB7C}.Debug|Any CPU.Build.0 = Debug|Any CPU
		{B271ACA3-9D66-4568-96C9-F5FE4C2FAB7C}.Release|Any CPU.ActiveCfg = Release|Any CPU
		{B271ACA3-9D66-4568-96C9-F5FE4C2FAB7C}.Release|Any CPU.Build.0 = Release|Any CPU
		{12F3451A-55CA-41F0-982A-19E0F2D32426}.Debug|Any CPU.ActiveCfg = Debug|Any CPU
		{12F3451A-55CA-41F0-982A-19E0F2D32426}.Debug|Any CPU.Build.0 = Debug|Any CPU
		{12F3451A-55CA-41F0-982A-19E0F2D32426}.Release|Any CPU.ActiveCfg = Release|Any CPU
		{12F3451A-55CA-41F0-982A-19E0F2D32426}.Release|Any CPU.Build.0 = Release|Any CPU
	EndGlobalSection
EndGlobal
